# THIS IS AN AUTOGENERATED FILE. DO NOT EDIT THIS FILE DIRECTLY.
# yarn lockfile v1


"@types/graphql@0.12.6":
  version "0.12.6"
  resolved "https://registry.yarnpkg.com/@types/graphql/-/graphql-0.12.6.tgz#3d619198585fcabe5f4e1adfb5cf5f3388c66c13"

"@types/node@9.6.0":
  version "9.6.0"
  resolved "https://registry.yarnpkg.com/@types/node/-/node-9.6.0.tgz#d3480ee666df9784b1001a1872a2f6ccefb6c2d7"

"@types/node@^9.4.6":
  version "9.4.6"
  resolved "https://registry.yarnpkg.com/@types/node/-/node-9.4.6.tgz#d8176d864ee48753d053783e4e463aec86b8d82e"

"@types/zen-observable@0.5.3":
  version "0.5.3"
  resolved "https://registry.yarnpkg.com/@types/zen-observable/-/zen-observable-0.5.3.tgz#91b728599544efbb7386d8b6633693a3c2e7ade5"

apollo-link-http@1.3.3:
  version "1.3.3"
  resolved "https://registry.yarnpkg.com/apollo-link-http/-/apollo-link-http-1.3.3.tgz#cb792c73266607e6361c8c1cc4dd42d405ca08f1"
  dependencies:
    apollo-link "^1.1.0"

apollo-link@1.2.1:
  version "1.2.1"
  resolved "https://registry.yarnpkg.com/apollo-link/-/apollo-link-1.2.1.tgz#c120b16059f9bd93401b9f72b94d2f80f3f305d2"
  dependencies:
    "@types/node" "^9.4.6"
    apollo-utilities "^1.0.0"
    zen-observable-ts "^0.8.6"

apollo-link@^1.1.0:
  version "1.1.0"
  resolved "https://registry.yarnpkg.com/apollo-link/-/apollo-link-1.1.0.tgz#9d573b16387ee0d8e147b1f319e42c8c562f18f7"
  dependencies:
    "@types/zen-observable" "0.5.3"
    apollo-utilities "^1.0.0"
    zen-observable "^0.7.0"

apollo-utilities@^1.0.0, apollo-utilities@^1.0.1:
  version "1.0.3"
  resolved "https://registry.yarnpkg.com/apollo-utilities/-/apollo-utilities-1.0.3.tgz#bf435277609850dd442cf1d5c2e8bc6655eaa943"

cross-fetch@2.1.0:
  version "2.1.0"
  resolved "https://registry.yarnpkg.com/cross-fetch/-/cross-fetch-2.1.0.tgz#7d4ea7e10a4f3bb73d5c2f0a3791ec3752d39b50"
  dependencies:
    node-fetch "2.1.1"
    whatwg-fetch "2.0.3"

deprecated-decorator@^0.1.6:
  version "0.1.6"
  resolved "https://registry.yarnpkg.com/deprecated-decorator/-/deprecated-decorator-0.1.6.tgz#00966317b7a12fe92f3cc831f7583af329b86c37"

graphql-binding@1.2.5:
  version "1.2.5"
  resolved "https://registry.yarnpkg.com/graphql-binding/-/graphql-binding-1.2.5.tgz#1c45b9da055cb0722f0348b6354be2e11b0a8c17"
  dependencies:
    graphql-tools "2.21.0"
    iterall "1.2.2"

graphql-tools@2.21.0:
  version "2.21.0"
  resolved "https://registry.yarnpkg.com/graphql-tools/-/graphql-tools-2.21.0.tgz#c0d0fbda6f40a87c8d267a2989ade2ae8b9a288e"
  dependencies:
    apollo-link "^1.1.0"
    apollo-utilities "^1.0.1"
    deprecated-decorator "^0.1.6"
    iterall "^1.1.3"
    uuid "^3.1.0"

graphql@0.13.2:
  version "0.13.2"
  resolved "https://registry.yarnpkg.com/graphql/-/graphql-0.13.2.tgz#4c740ae3c222823e7004096f832e7b93b2108270"
  dependencies:
    iterall "^1.2.1"

iterall@1.2.2, iterall@^1.2.1:
  version "1.2.2"
  resolved "https://registry.yarnpkg.com/iterall/-/iterall-1.2.2.tgz#92d70deb8028e0c39ff3164fdbf4d8b088130cd7"

iterall@^1.1.3:
  version "1.1.3"
  resolved "https://registry.yarnpkg.com/iterall/-/iterall-1.1.3.tgz#1cbbff96204056dde6656e2ed2e2226d0e6d72c9"

node-fetch@2.1.1:
  version "2.1.1"
  resolved "https://registry.yarnpkg.com/node-fetch/-/node-fetch-2.1.1.tgz#369ca70b82f50c86496104a6c776d274f4e4a2d4"

typescript@2.8.1:
  version "2.8.1"
  resolved "https://registry.yarnpkg.com/typescript/-/typescript-2.8.1.tgz#6160e4f8f195d5ba81d4876f9c0cc1fbc0820624"

uuid@^3.1.0:
  version "3.1.0"
  resolved "https://registry.yarnpkg.com/uuid/-/uuid-3.1.0.tgz#3dd3d3e790abc24d7b0d3a034ffababe28ebbc04"

whatwg-fetch@2.0.3:
  version "2.0.3"
  resolved "https://registry.yarnpkg.com/whatwg-fetch/-/whatwg-fetch-2.0.3.tgz#9c84ec2dcf68187ff00bc64e1274b442176e1c84"

zen-observable-ts@^0.8.6:
  version "0.8.6"
  resolved "https://registry.yarnpkg.com/zen-observable-ts/-/zen-observable-ts-0.8.6.tgz#2fe8c5f5f6171484353c3c93a71355c9521d53a0"
  dependencies:
    zen-observable "^0.8.6"

zen-observable@^0.7.0:
  version "0.7.1"
  resolved "https://registry.yarnpkg.com/zen-observable/-/zen-observable-0.7.1.tgz#f84075c0ee085594d3566e1d6454207f126411b3"

zen-observable@^0.8.6:
  version "0.8.6"
  resolved "https://registry.yarnpkg.com/zen-observable/-/zen-observable-0.8.6.tgz#e2419311497019419d7bb56d8f6a56356a607272"
