# THIS IS AN AUTOGENERATED FILE. DO NOT EDIT THIS FILE DIRECTLY.
# yarn lockfile v1


"@types/graphql@0.12.4":
  version "0.12.4"
  resolved "https://registry.yarnpkg.com/@types/graphql/-/graphql-0.12.4.tgz#d43bb55d45c6de0178bbd11dd59d04fd42138d94"

"@types/node@9.4.6", "@types/node@^9.4.6":
  version "9.4.6"
  resolved "https://registry.yarnpkg.com/@types/node/-/node-9.4.6.tgz#d8176d864ee48753d053783e4e463aec86b8d82e"

"@types/zen-observable@0.5.3":
  version "0.5.3"
  resolved "https://registry.yarnpkg.com/@types/zen-observable/-/zen-observable-0.5.3.tgz#91b728599544efbb7386d8b6633693a3c2e7ade5"

apollo-link-http@1.3.3:
  version "1.3.3"
  resolved "https://registry.yarnpkg.com/apollo-link-http/-/apollo-link-http-1.3.3.tgz#cb792c73266607e6361c8c1cc4dd42d405ca08f1"
  dependencies:
    apollo-link "^1.1.0"

apollo-link@1.2.1:
  version "1.2.1"
  resolved "https://registry.yarnpkg.com/apollo-link/-/apollo-link-1.2.1.tgz#c120b16059f9bd93401b9f72b94d2f80f3f305d2"
  dependencies:
    "@types/node" "^9.4.6"
    apollo-utilities "^1.0.0"
    zen-observable-ts "^0.8.6"

apollo-link@^1.1.0:
  version "1.1.0"
  resolved "https://registry.yarnpkg.com/apollo-link/-/apollo-link-1.1.0.tgz#9d573b16387ee0d8e147b1f319e42c8c562f18f7"
  dependencies:
    "@types/zen-observable" "0.5.3"
    apollo-utilities "^1.0.0"
    zen-observable "^0.7.0"

apollo-utilities@^1.0.0, apollo-utilities@^1.0.1:
  version "1.0.3"
  resolved "https://registry.yarnpkg.com/apollo-utilities/-/apollo-utilities-1.0.3.tgz#bf435277609850dd442cf1d5c2e8bc6655eaa943"

cross-fetch@2.0.0:
  version "2.0.0"
  resolved "https://registry.yarnpkg.com/cross-fetch/-/cross-fetch-2.0.0.tgz#a17475449561e0f325146cea636a8619efb9b382"
  dependencies:
    node-fetch "2.0.0"
    whatwg-fetch "2.0.3"

deprecated-decorator@^0.1.6:
  version "0.1.6"
  resolved "https://registry.yarnpkg.com/deprecated-decorator/-/deprecated-decorator-0.1.6.tgz#00966317b7a12fe92f3cc831f7583af329b86c37"

graphql-binding@1.2.4:
  version "1.2.4"
  resolved "https://registry.yarnpkg.com/graphql-binding/-/graphql-binding-1.2.4.tgz#ac1af63d98fca412dcd52ca04928cab2d6d08e0a"
  dependencies:
    graphql-tools "2.21.0"
    iterall "1.2.1"

graphql-tools@2.21.0:
  version "2.21.0"
  resolved "https://registry.yarnpkg.com/graphql-tools/-/graphql-tools-2.21.0.tgz#c0d0fbda6f40a87c8d267a2989ade2ae8b9a288e"
  dependencies:
    apollo-link "^1.1.0"
    apollo-utilities "^1.0.1"
    deprecated-decorator "^0.1.6"
    iterall "^1.1.3"
    uuid "^3.1.0"

graphql@0.13.1:
  version "0.13.1"
  resolved "https://registry.yarnpkg.com/graphql/-/graphql-0.13.1.tgz#9b3db3d8e40d1827e4172404bfdd2e4e17a58b55"
  dependencies:
    iterall "^1.2.0"

iterall@1.2.1:
  version "1.2.1"
  resolved "https://registry.yarnpkg.com/iterall/-/iterall-1.2.1.tgz#59a347ae8001d2d4bc546b8487ca755d61849965"

iterall@^1.1.3:
  version "1.1.3"
  resolved "https://registry.yarnpkg.com/iterall/-/iterall-1.1.3.tgz#1cbbff96204056dde6656e2ed2e2226d0e6d72c9"

iterall@^1.2.0:
  version "1.2.0"
  resolved "https://registry.yarnpkg.com/iterall/-/iterall-1.2.0.tgz#434e9f41f0b99911ab9c3d49d95f0e079176a2a2"

node-fetch@2.0.0:
  version "2.0.0"
  resolved "https://registry.yarnpkg.com/node-fetch/-/node-fetch-2.0.0.tgz#982bba43ecd4f2922a29cc186a6bbb0bb73fcba6"

typescript@2.7.2:
  version "2.7.2"
  resolved "https://registry.yarnpkg.com/typescript/-/typescript-2.7.2.tgz#2d615a1ef4aee4f574425cdff7026edf81919836"

uuid@^3.1.0:
  version "3.1.0"
  resolved "https://registry.yarnpkg.com/uuid/-/uuid-3.1.0.tgz#3dd3d3e790abc24d7b0d3a034ffababe28ebbc04"

whatwg-fetch@2.0.3:
  version "2.0.3"
  resolved "https://registry.yarnpkg.com/whatwg-fetch/-/whatwg-fetch-2.0.3.tgz#9c84ec2dcf68187ff00bc64e1274b442176e1c84"

zen-observable-ts@^0.8.6:
  version "0.8.6"
  resolved "https://registry.yarnpkg.com/zen-observable-ts/-/zen-observable-ts-0.8.6.tgz#2fe8c5f5f6171484353c3c93a71355c9521d53a0"
  dependencies:
    zen-observable "^0.8.6"

zen-observable@^0.7.0:
  version "0.7.1"
  resolved "https://registry.yarnpkg.com/zen-observable/-/zen-observable-0.7.1.tgz#f84075c0ee085594d3566e1d6454207f126411b3"

zen-observable@^0.8.6:
  version "0.8.6"
  resolved "https://registry.yarnpkg.com/zen-observable/-/zen-observable-0.8.6.tgz#e2419311497019419d7bb56d8f6a56356a607272"
