# THIS IS AN AUTOGENERATED FILE. DO NOT EDIT THIS FILE DIRECTLY.
# yarn lockfile v1


"@types/graphql@0.11.7":
  version "0.11.7"
  resolved "https://registry.yarnpkg.com/@types/graphql/-/graphql-0.11.7.tgz#da39a2f7c74e793e32e2bb7b3b68da1691532dd5"

"@types/node@8.5.5":
  version "8.5.5"
  resolved "https://registry.yarnpkg.com/@types/node/-/node-8.5.5.tgz#6f9e8164ae1a55a9beb1d2571cfb7acf9d720c61"

"@types/zen-observable@0.5.3":
  version "0.5.3"
  resolved "https://registry.yarnpkg.com/@types/zen-observable/-/zen-observable-0.5.3.tgz#91b728599544efbb7386d8b6633693a3c2e7ade5"

apollo-link-http@^1.3.2:
  version "1.3.2"
  resolved "https://registry.yarnpkg.com/apollo-link-http/-/apollo-link-http-1.3.2.tgz#63537ee5ecf9c004efb0317f1222b7dbc6f21559"
  dependencies:
    apollo-link "^1.0.7"

apollo-link@^1.0.7:
  version "1.0.7"
  resolved "https://registry.yarnpkg.com/apollo-link/-/apollo-link-1.0.7.tgz#42cd38a7378332fc3e41a214ff6a6e5e703a556f"
  dependencies:
    "@types/zen-observable" "0.5.3"
    apollo-utilities "^1.0.0"
    zen-observable "^0.6.0"

apollo-utilities@^1.0.0, apollo-utilities@^1.0.1:
  version "1.0.3"
  resolved "https://registry.yarnpkg.com/apollo-utilities/-/apollo-utilities-1.0.3.tgz#bf435277609850dd442cf1d5c2e8bc6655eaa943"

cross-fetch@^1.1.1:
  version "1.1.1"
  resolved "https://registry.yarnpkg.com/cross-fetch/-/cross-fetch-1.1.1.tgz#dede6865ae30f37eae62ac90ebb7bdac002b05a0"
  dependencies:
    node-fetch "1.7.3"
    whatwg-fetch "2.0.3"

deprecated-decorator@^0.1.6:
  version "0.1.6"
  resolved "https://registry.yarnpkg.com/deprecated-decorator/-/deprecated-decorator-0.1.6.tgz#00966317b7a12fe92f3cc831f7583af329b86c37"

encoding@^0.1.11:
  version "0.1.12"
  resolved "https://registry.yarnpkg.com/encoding/-/encoding-0.1.12.tgz#538b66f3ee62cd1ab51ec323829d1f9480c74beb"
  dependencies:
    iconv-lite "~0.4.13"

graphql-binding@^0.2.0:
  version "0.2.1"
  resolved "https://registry.yarnpkg.com/graphql-binding/-/graphql-binding-0.2.1.tgz#171c78fe2cf893359f62fed14901f70e3f235420"
  dependencies:
    "@types/graphql" "0.11.7"
    graphql "^0.12.3"
    graphql-tools "^2.14.1"

graphql-tools@^2.14.1:
  version "2.14.1"
  resolved "https://registry.yarnpkg.com/graphql-tools/-/graphql-tools-2.14.1.tgz#15f96683d7f178042baddcfc17d73dcfeee67356"
  dependencies:
    apollo-utilities "^1.0.1"
    deprecated-decorator "^0.1.6"
    uuid "^3.1.0"

graphql@^0.12.3:
  version "0.12.3"
  resolved "https://registry.yarnpkg.com/graphql/-/graphql-0.12.3.tgz#11668458bbe28261c0dcb6e265f515ba79f6ce07"
  dependencies:
    iterall "1.1.3"

iconv-lite@~0.4.13:
  version "0.4.19"
  resolved "https://registry.yarnpkg.com/iconv-lite/-/iconv-lite-0.4.19.tgz#f7468f60135f5e5dad3399c0a81be9a1603a082b"

is-stream@^1.0.1:
  version "1.1.0"
  resolved "https://registry.yarnpkg.com/is-stream/-/is-stream-1.1.0.tgz#12d4a3dd4e68e0b79ceb8dbc84173ae80d91ca44"

iterall@1.1.3:
  version "1.1.3"
  resolved "https://registry.yarnpkg.com/iterall/-/iterall-1.1.3.tgz#1cbbff96204056dde6656e2ed2e2226d0e6d72c9"

node-fetch@1.7.3:
  version "1.7.3"
  resolved "https://registry.yarnpkg.com/node-fetch/-/node-fetch-1.7.3.tgz#980f6f72d85211a5347c6b2bc18c5b84c3eb47ef"
  dependencies:
    encoding "^0.1.11"
    is-stream "^1.0.1"

typescript@2.6.2:
  version "2.6.2"
  resolved "https://registry.yarnpkg.com/typescript/-/typescript-2.6.2.tgz#3c5b6fd7f6de0914269027f03c0946758f7673a4"

uuid@^3.1.0:
  version "3.1.0"
  resolved "https://registry.yarnpkg.com/uuid/-/uuid-3.1.0.tgz#3dd3d3e790abc24d7b0d3a034ffababe28ebbc04"

whatwg-fetch@2.0.3:
  version "2.0.3"
  resolved "https://registry.yarnpkg.com/whatwg-fetch/-/whatwg-fetch-2.0.3.tgz#9c84ec2dcf68187ff00bc64e1274b442176e1c84"

zen-observable@^0.6.0:
  version "0.6.0"
  resolved "https://registry.yarnpkg.com/zen-observable/-/zen-observable-0.6.0.tgz#8a6157ed15348d185d948cfc4a59d90a2c0f70ee"
